// !$*UTF8*$!
{
	archiveVersion = 1;
	classes = {
	};
	objectVersion = 51;
	objects = {

/* Begin PBXBuildFile section */
		42AD7B3C0905995A962AE24D /* Pods_quizlex.framework in Frameworks */ = {isa = PBXBuildFile; fileRef = D08FFB9A6412A0E542535EAE /* Pods_quizlex.framework */; };
		932A01D82339E2B6006AF178 /* ImportViewController.swift in Sources */ = {isa = PBXBuildFile; fileRef = 932A01D72339E2B6006AF178 /* ImportViewController.swift */; };
		932A01DA2339E344006AF178 /* CardsViewController.swift in Sources */ = {isa = PBXBuildFile; fileRef = 932A01D92339E344006AF178 /* CardsViewController.swift */; };
		932A01FC2339E596006AF178 /* SceneDelegate.swift in Sources */ = {isa = PBXBuildFile; fileRef = 932A01FB2339E596006AF178 /* SceneDelegate.swift */; };
		932A01FE2339E7F3006AF178 /* QuizlexParser.swift in Sources */ = {isa = PBXBuildFile; fileRef = 932A01FD2339E7F3006AF178 /* QuizlexParser.swift */; };
		93D22D872339DE9400AD9548 /* AppDelegate.swift in Sources */ = {isa = PBXBuildFile; fileRef = 93D22D862339DE9400AD9548 /* AppDelegate.swift */; };
		93D22D8E2339DE9400AD9548 /* Main.storyboard in Resources */ = {isa = PBXBuildFile; fileRef = 93D22D8C2339DE9400AD9548 /* Main.storyboard */; };
		93D22D902339DE9600AD9548 /* Assets.xcassets in Resources */ = {isa = PBXBuildFile; fileRef = 93D22D8F2339DE9600AD9548 /* Assets.xcassets */; };
		93D22D932339DE9600AD9548 /* LaunchScreen.storyboard in Resources */ = {isa = PBXBuildFile; fileRef = 93D22D912339DE9600AD9548 /* LaunchScreen.storyboard */; };
/* End PBXBuildFile section */

/* Begin PBXFileReference section */
		932A01D72339E2B6006AF178 /* ImportViewController.swift */ = {isa = PBXFileReference; lastKnownFileType = sourcecode.swift; name = ImportViewController.swift; path = "View Controllers/ImportViewController.swift"; sourceTree = "<group>"; };
		932A01D92339E344006AF178 /* CardsViewController.swift */ = {isa = PBXFileReference; lastKnownFileType = sourcecode.swift; name = CardsViewController.swift; path = "View Controllers/CardsViewController.swift"; sourceTree = "<group>"; };
		932A01FB2339E596006AF178 /* SceneDelegate.swift */ = {isa = PBXFileReference; fileEncoding = 4; lastKnownFileType = sourcecode.swift; path = SceneDelegate.swift; sourceTree = "<group>"; };
		932A01FD2339E7F3006AF178 /* QuizlexParser.swift */ = {isa = PBXFileReference; lastKnownFileType = sourcecode.swift; path = QuizlexParser.swift; sourceTree = "<group>"; };
		93D22D832339DE9400AD9548 /* quizlex.app */ = {isa = PBXFileReference; explicitFileType = wrapper.application; includeInIndex = 0; path = quizlex.app; sourceTree = BUILT_PRODUCTS_DIR; };
		93D22D862339DE9400AD9548 /* AppDelegate.swift */ = {isa = PBXFileReference; lastKnownFileType = sourcecode.swift; path = AppDelegate.swift; sourceTree = "<group>"; };
		93D22D8D2339DE9400AD9548 /* Base */ = {isa = PBXFileReference; lastKnownFileType = file.storyboard; name = Base; path = Base.lproj/Main.storyboard; sourceTree = "<group>"; };
		93D22D8F2339DE9600AD9548 /* Assets.xcassets */ = {isa = PBXFileReference; lastKnownFileType = folder.assetcatalog; path = Assets.xcassets; sourceTree = "<group>"; };
		93D22D922339DE9600AD9548 /* Base */ = {isa = PBXFileReference; lastKnownFileType = file.storyboard; name = Base; path = Base.lproj/LaunchScreen.storyboard; sourceTree = "<group>"; };
		93D22D942339DE9600AD9548 /* Info.plist */ = {isa = PBXFileReference; lastKnownFileType = text.plist.xml; path = Info.plist; sourceTree = "<group>"; };
		ADD9D431FF15D69631D33552 /* Pods-quizlex.release.xcconfig */ = {isa = PBXFileReference; includeInIndex = 1; lastKnownFileType = text.xcconfig; name = "Pods-quizlex.release.xcconfig"; path = "Target Support Files/Pods-quizlex/Pods-quizlex.release.xcconfig"; sourceTree = "<group>"; };
		B56951433D1F1A77B3CED489 /* Pods-quizlex.debug.xcconfig */ = {isa = PBXFileReference; includeInIndex = 1; lastKnownFileType = text.xcconfig; name = "Pods-quizlex.debug.xcconfig"; path = "Target Support Files/Pods-quizlex/Pods-quizlex.debug.xcconfig"; sourceTree = "<group>"; };
		D08FFB9A6412A0E542535EAE /* Pods_quizlex.framework */ = {isa = PBXFileReference; explicitFileType = wrapper.framework; includeInIndex = 0; path = Pods_quizlex.framework; sourceTree = BUILT_PRODUCTS_DIR; };
/* End PBXFileReference section */

/* Begin PBXFrameworksBuildPhase section */
		93D22D802339DE9400AD9548 /* Frameworks */ = {
			isa = PBXFrameworksBuildPhase;
			buildActionMask = 2147483647;
			files = (
				42AD7B3C0905995A962AE24D /* Pods_quizlex.framework in Frameworks */,
			);
			runOnlyForDeploymentPostprocessing = 0;
		};
/* End PBXFrameworksBuildPhase section */

/* Begin PBXGroup section */
		0B5E7F1BCD642B23498B4C76 /* Frameworks */ = {
			isa = PBXGroup;
			children = (
				D08FFB9A6412A0E542535EAE /* Pods_quizlex.framework */,
			);
			name = Frameworks;
			sourceTree = "<group>";
		};
		3FB2516265392F6FA4CA3B68 /* Pods */ = {
			isa = PBXGroup;
			children = (
				B56951433D1F1A77B3CED489 /* Pods-quizlex.debug.xcconfig */,
				ADD9D431FF15D69631D33552 /* Pods-quizlex.release.xcconfig */,
			);
			path = Pods;
			sourceTree = "<group>";
		};
		93D22D7A2339DE9400AD9548 = {
			isa = PBXGroup;
			children = (
				932A01FD2339E7F3006AF178 /* QuizlexParser.swift */,
				93D22D852339DE9400AD9548 /* quizlex */,
				93D22D842339DE9400AD9548 /* Products */,
				3FB2516265392F6FA4CA3B68 /* Pods */,
				0B5E7F1BCD642B23498B4C76 /* Frameworks */,
			);
			sourceTree = "<group>";
		};
		93D22D842339DE9400AD9548 /* Products */ = {
			isa = PBXGroup;
			children = (
				93D22D832339DE9400AD9548 /* quizlex.app */,
			);
			name = Products;
			sourceTree = "<group>";
		};
		93D22D852339DE9400AD9548 /* quizlex */ = {
			isa = PBXGroup;
			children = (
				93D22D862339DE9400AD9548 /* AppDelegate.swift */,
				93D22D8C2339DE9400AD9548 /* Main.storyboard */,
				932A01FB2339E596006AF178 /* SceneDelegate.swift */,
				932A01D92339E344006AF178 /* CardsViewController.swift */,
				932A01D72339E2B6006AF178 /* ImportViewController.swift */,
				93D22D8F2339DE9600AD9548 /* Assets.xcassets */,
				93D22D912339DE9600AD9548 /* LaunchScreen.storyboard */,
				93D22D942339DE9600AD9548 /* Info.plist */,
			);
			path = quizlex;
			sourceTree = "<group>";
		};
/* End PBXGroup section */

/* Begin PBXNativeTarget section */
		93D22D822339DE9400AD9548 /* quizlex */ = {
			isa = PBXNativeTarget;
			buildConfigurationList = 93D22D972339DE9600AD9548 /* Build configuration list for PBXNativeTarget "quizlex" */;
			buildPhases = (
				A9639D75CBFC5D10E798D248 /* [CP] Check Pods Manifest.lock */,
				93D22D7F2339DE9400AD9548 /* Sources */,
				93D22D802339DE9400AD9548 /* Frameworks */,
				93D22D812339DE9400AD9548 /* Resources */,
				C407985C2E126C7328FC4C76 /* [CP] Embed Pods Frameworks */,
			);
			buildRules = (
			);
			dependencies = (
			);
			name = quizlex;
			productName = quizlex;
			productReference = 93D22D832339DE9400AD9548 /* quizlex.app */;
			productType = "com.apple.product-type.application";
		};
/* End PBXNativeTarget section */

/* Begin PBXProject section */
		93D22D7B2339DE9400AD9548 /* Project object */ = {
			isa = PBXProject;
			attributes = {
				LastSwiftUpdateCheck = 1100;
				LastUpgradeCheck = 1100;
				ORGANIZATIONNAME = "John Garrett";
				TargetAttributes = {
					93D22D822339DE9400AD9548 = {
						CreatedOnToolsVersion = 11.0;
					};
				};
			};
			buildConfigurationList = 93D22D7E2339DE9400AD9548 /* Build configuration list for PBXProject "quizlex" */;
			compatibilityVersion = "Xcode 9.3";
			developmentRegion = en;
			hasScannedForEncodings = 0;
			knownRegions = (
				en,
				Base,
			);
			mainGroup = 93D22D7A2339DE9400AD9548;
			productRefGroup = 93D22D842339DE9400AD9548 /* Products */;
			projectDirPath = "";
			projectRoot = "";
			targets = (
				93D22D822339DE9400AD9548 /* quizlex */,
			);
		};
/* End PBXProject section */

/* Begin PBXResourcesBuildPhase section */
		93D22D812339DE9400AD9548 /* Resources */ = {
			isa = PBXResourcesBuildPhase;
			buildActionMask = 2147483647;
			files = (
				93D22D932339DE9600AD9548 /* LaunchScreen.storyboard in Resources */,
				93D22D902339DE9600AD9548 /* Assets.xcassets in Resources */,
				93D22D8E2339DE9400AD9548 /* Main.storyboard in Resources */,
			);
			runOnlyForDeploymentPostprocessing = 0;
		};
/* End PBXResourcesBuildPhase section */

/* Begin PBXShellScriptBuildPhase section */
		A9639D75CBFC5D10E798D248 /* [CP] Check Pods Manifest.lock */ = {
			isa = PBXShellScriptBuildPhase;
			buildActionMask = 2147483647;
			files = (
			);
			inputFileListPaths = (
			);
			inputPaths = (
				"${PODS_PODFILE_DIR_PATH}/Podfile.lock",
				"${PODS_ROOT}/Manifest.lock",
			);
			name = "[CP] Check Pods Manifest.lock";
			outputFileListPaths = (
			);
			outputPaths = (
				"$(DERIVED_FILE_DIR)/Pods-quizlex-checkManifestLockResult.txt",
			);
			runOnlyForDeploymentPostprocessing = 0;
			shellPath = /bin/sh;
			shellScript = "diff \"${PODS_PODFILE_DIR_PATH}/Podfile.lock\" \"${PODS_ROOT}/Manifest.lock\" > /dev/null\nif [ $? != 0 ] ; then\n    # print error to STDERR\n    echo \"error: The sandbox is not in sync with the Podfile.lock. Run 'pod install' or update your CocoaPods installation.\" >&2\n    exit 1\nfi\n# This output is used by Xcode 'outputs' to avoid re-running this script phase.\necho \"SUCCESS\" > \"${SCRIPT_OUTPUT_FILE_0}\"\n";
			showEnvVarsInLog = 0;
		};
		C407985C2E126C7328FC4C76 /* [CP] Embed Pods Frameworks */ = {
			isa = PBXShellScriptBuildPhase;
			buildActionMask = 2147483647;
			files = (
			);
			inputFileListPaths = (
				"${PODS_ROOT}/Target Support Files/Pods-quizlex/Pods-quizlex-frameworks-${CONFIGURATION}-input-files.xcfilelist",
			);
			name = "[CP] Embed Pods Frameworks";
			outputFileListPaths = (
				"${PODS_ROOT}/Target Support Files/Pods-quizlex/Pods-quizlex-frameworks-${CONFIGURATION}-output-files.xcfilelist",
			);
			runOnlyForDeploymentPostprocessing = 0;
			shellPath = /bin/sh;
			shellScript = "\"${PODS_ROOT}/Target Support Files/Pods-quizlex/Pods-quizlex-frameworks.sh\"\n";
			showEnvVarsInLog = 0;
		};
/* End PBXShellScriptBuildPhase section */

/* Begin PBXSourcesBuildPhase section */
		93D22D7F2339DE9400AD9548 /* Sources */ = {
			isa = PBXSourcesBuildPhase;
			buildActionMask = 2147483647;
			files = (
				93D22D872339DE9400AD9548 /* AppDelegate.swift in Sources */,
				932A01D82339E2B6006AF178 /* ImportViewController.swift in Sources */,
				932A01DA2339E344006AF178 /* CardsViewController.swift in Sources */,
				932A01FE2339E7F3006AF178 /* QuizlexParser.swift in Sources */,
				932A01FC2339E596006AF178 /* SceneDelegate.swift in Sources */,
			);
			runOnlyForDeploymentPostprocessing = 0;
		};
/* End PBXSourcesBuildPhase section */

/* Begin PBXVariantGroup section */
		93D22D8C2339DE9400AD9548 /* Main.storyboard */ = {
			isa = PBXVariantGroup;
			children = (
				93D22D8D2339DE9400AD9548 /* Base */,
			);
			name = Main.storyboard;
			sourceTree = "<group>";
		};
		93D22D912339DE9600AD9548 /* LaunchScreen.storyboard */ = {
			isa = PBXVariantGroup;
			children = (
				93D22D922339DE9600AD9548 /* Base */,
			);
			name = LaunchScreen.storyboard;
			sourceTree = "<group>";
		};
/* End PBXVariantGroup section */

/* Begin XCBuildConfiguration section */
		93D22D952339DE9600AD9548 /* Debug */ = {
			isa = XCBuildConfiguration;
			buildSettings = {
				ALWAYS_SEARCH_USER_PATHS = NO;
				CLANG_ANALYZER_NONNULL = YES;
				CLANG_ANALYZER_NUMBER_OBJECT_CONVERSION = YES_AGGRESSIVE;
				CLANG_CXX_LANGUAGE_STANDARD = "gnu++14";
				CLANG_CXX_LIBRARY = "libc++";
				CLANG_ENABLE_MODULES = YES;
				CLANG_ENABLE_OBJC_ARC = YES;
				CLANG_ENABLE_OBJC_WEAK = YES;
				CLANG_WARN_BLOCK_CAPTURE_AUTORELEASING = YES;
				CLANG_WARN_BOOL_CONVERSION = YES;
				CLANG_WARN_COMMA = YES;
				CLANG_WARN_CONSTANT_CONVERSION = YES;
				CLANG_WARN_DEPRECATED_OBJC_IMPLEMENTATIONS = YES;
				CLANG_WARN_DIRECT_OBJC_ISA_USAGE = YES_ERROR;
				CLANG_WARN_DOCUMENTATION_COMMENTS = YES;
				CLANG_WARN_EMPTY_BODY = YES;
				CLANG_WARN_ENUM_CONVERSION = YES;
				CLANG_WARN_INFINITE_RECURSION = YES;
				CLANG_WARN_INT_CONVERSION = YES;
				CLANG_WARN_NON_LITERAL_NULL_CONVERSION = YES;
				CLANG_WARN_OBJC_IMPLICIT_RETAIN_SELF = YES;
				CLANG_WARN_OBJC_LITERAL_CONVERSION = YES;
				CLANG_WARN_OBJC_ROOT_CLASS = YES_ERROR;
				CLANG_WARN_RANGE_LOOP_ANALYSIS = YES;
				CLANG_WARN_STRICT_PROTOTYPES = YES;
				CLANG_WARN_SUSPICIOUS_MOVE = YES;
				CLANG_WARN_UNGUARDED_AVAILABILITY = YES_AGGRESSIVE;
				CLANG_WARN_UNREACHABLE_CODE = YES;
				CLANG_WARN__DUPLICATE_METHOD_MATCH = YES;
				COPY_PHASE_STRIP = NO;
				DEBUG_INFORMATION_FORMAT = dwarf;
				ENABLE_STRICT_OBJC_MSGSEND = YES;
				ENABLE_TESTABILITY = YES;
				GCC_C_LANGUAGE_STANDARD = gnu11;
				GCC_DYNAMIC_NO_PIC = NO;
				GCC_NO_COMMON_BLOCKS = YES;
				GCC_OPTIMIZATION_LEVEL = 0;
				GCC_PREPROCESSOR_DEFINITIONS = (
					"DEBUG=1",
					"$(inherited)",
				);
				GCC_WARN_64_TO_32_BIT_CONVERSION = YES;
				GCC_WARN_ABOUT_RETURN_TYPE = YES_ERROR;
				GCC_WARN_UNDECLARED_SELECTOR = YES;
				GCC_WARN_UNINITIALIZED_AUTOS = YES_AGGRESSIVE;
				GCC_WARN_UNUSED_FUNCTION = YES;
				GCC_WARN_UNUSED_VARIABLE = YES;
				IPHONEOS_DEPLOYMENT_TARGET = 13.0;
				MTL_ENABLE_DEBUG_INFO = INCLUDE_SOURCE;
				MTL_FAST_MATH = YES;
				ONLY_ACTIVE_ARCH = YES;
				SDKROOT = iphoneos;
				SWIFT_ACTIVE_COMPILATION_CONDITIONS = DEBUG;
				SWIFT_OPTIMIZATION_LEVEL = "-Onone";
			};
			name = Debug;
		};
		93D22D962339DE9600AD9548 /* Release */ = {
			isa = XCBuildConfiguration;
			buildSettings = {
				ALWAYS_SEARCH_USER_PATHS = NO;
				CLANG_ANALYZER_NONNULL = YES;
				CLANG_ANALYZER_NUMBER_OBJECT_CONVERSION = YES_AGGRESSIVE;
				CLANG_CXX_LANGUAGE_STANDARD = "gnu++14";
				CLANG_CXX_LIBRARY = "libc++";
				CLANG_ENABLE_MODULES = YES;
				CLANG_ENABLE_OBJC_ARC = YES;
				CLANG_ENABLE_OBJC_WEAK = YES;
				CLANG_WARN_BLOCK_CAPTURE_AUTORELEASING = YES;
				CLANG_WARN_BOOL_CONVERSION = YES;
				CLANG_WARN_COMMA = YES;
				CLANG_WARN_CONSTANT_CONVERSION = YES;
				CLANG_WARN_DEPRECATED_OBJC_IMPLEMENTATIONS = YES;
				CLANG_WARN_DIRECT_OBJC_ISA_USAGE = YES_ERROR;
				CLANG_WARN_DOCUMENTATION_COMMENTS = YES;
				CLANG_WARN_EMPTY_BODY = YES;
				CLANG_WARN_ENUM_CONVERSION = YES;
				CLANG_WARN_INFINITE_RECURSION = YES;
				CLANG_WARN_INT_CONVERSION = YES;
				CLANG_WARN_NON_LITERAL_NULL_CONVERSION = YES;
				CLANG_WARN_OBJC_IMPLICIT_RETAIN_SELF = YES;
				CLANG_WARN_OBJC_LITERAL_CONVERSION = YES;
				CLANG_WARN_OBJC_ROOT_CLASS = YES_ERROR;
				CLANG_WARN_RANGE_LOOP_ANALYSIS = YES;
				CLANG_WARN_STRICT_PROTOTYPES = YES;
				CLANG_WARN_SUSPICIOUS_MOVE = YES;
				CLANG_WARN_UNGUARDED_AVAILABILITY = YES_AGGRESSIVE;
				CLANG_WARN_UNREACHABLE_CODE = YES;
				CLANG_WARN__DUPLICATE_METHOD_MATCH = YES;
				COPY_PHASE_STRIP = NO;
				DEBUG_INFORMATION_FORMAT = "dwarf-with-dsym";
				ENABLE_NS_ASSERTIONS = NO;
				ENABLE_STRICT_OBJC_MSGSEND = YES;
				GCC_C_LANGUAGE_STANDARD = gnu11;
				GCC_NO_COMMON_BLOCKS = YES;
				GCC_WARN_64_TO_32_BIT_CONVERSION = YES;
				GCC_WARN_ABOUT_RETURN_TYPE = YES_ERROR;
				GCC_WARN_UNDECLARED_SELECTOR = YES;
				GCC_WARN_UNINITIALIZED_AUTOS = YES_AGGRESSIVE;
				GCC_WARN_UNUSED_FUNCTION = YES;
				GCC_WARN_UNUSED_VARIABLE = YES;
				IPHONEOS_DEPLOYMENT_TARGET = 13.0;
				MTL_ENABLE_DEBUG_INFO = NO;
				MTL_FAST_MATH = YES;
				SDKROOT = iphoneos;
				SWIFT_COMPILATION_MODE = wholemodule;
				SWIFT_OPTIMIZATION_LEVEL = "-O";
				VALIDATE_PRODUCT = YES;
			};
			name = Release;
		};
		93D22D982339DE9600AD9548 /* Debug */ = {
			isa = XCBuildConfiguration;
			baseConfigurationReference = B56951433D1F1A77B3CED489 /* Pods-quizlex.debug.xcconfig */;
			buildSettings = {
				ASSETCATALOG_COMPILER_APPICON_NAME = AppIcon;
				CODE_SIGN_STYLE = Automatic;
				INFOPLIST_FILE = quizlex/Info.plist;
				IPHONEOS_DEPLOYMENT_TARGET = 11.0;
				LD_RUNPATH_SEARCH_PATHS = (
					"$(inherited)",
					"@executable_path/Frameworks",
				);
				PRODUCT_BUNDLE_IDENTIFIER = johnPersonal.quizlex;
				PRODUCT_NAME = "$(TARGET_NAME)";
				SWIFT_VERSION = 5.0;
				TARGETED_DEVICE_FAMILY = "1,2";
			};
			name = Debug;
		};
		93D22D992339DE9600AD9548 /* Release */ = {
			isa = XCBuildConfiguration;
			baseConfigurationReference = ADD9D431FF15D69631D33552 /* Pods-quizlex.release.xcconfig */;
			buildSettings = {
				ASSETCATALOG_COMPILER_APPICON_NAME = AppIcon;
				CODE_SIGN_STYLE = Automatic;
				INFOPLIST_FILE = quizlex/Info.plist;
				IPHONEOS_DEPLOYMENT_TARGET = 11.0;
				LD_RUNPATH_SEARCH_PATHS = (
					"$(inherited)",
					"@executable_path/Frameworks",
				);
				PRODUCT_BUNDLE_IDENTIFIER = johnPersonal.quizlex;
				PRODUCT_NAME = "$(TARGET_NAME)";
				SWIFT_VERSION = 5.0;
				TARGETED_DEVICE_FAMILY = "1,2";
			};
			name = Release;
		};
/* End XCBuildConfiguration section */

/* Begin XCConfigurationList section */
		93D22D7E2339DE9400AD9548 /* Build configuration list for PBXProject "quizlex" */ = {
			isa = XCConfigurationList;
			buildConfigurations = (
				93D22D952339DE9600AD9548 /* Debug */,
				93D22D962339DE9600AD9548 /* Release */,
			);
			defaultConfigurationIsVisible = 0;
			defaultConfigurationName = Release;
		};
		93D22D972339DE9600AD9548 /* Build configuration list for PBXNativeTarget "quizlex" */ = {
			isa = XCConfigurationList;
			buildConfigurations = (
				93D22D982339DE9600AD9548 /* Debug */,
				93D22D992339DE9600AD9548 /* Release */,
			);
			defaultConfigurationIsVisible = 0;
			defaultConfigurationName = Release;
		};
/* End XCConfigurationList section */
	};
	rootObject = 93D22D7B2339DE9400AD9548 /* Project object */;
}
